
Microsoft Visual Studio Solution File, Format Version 12.00
# Visual Studio 2017
Project("{FAE04EC0-301F-11D3-BF4B-00C04F79EFBC}") = "PAP", "PAP.csproj", "{B5243C1B-1DD3-823B-8107-92733A12E84F}"
EndProject
Project("{FAE04EC0-301F-11D3-BF4B-00C04F79EFBC}") = "PAP.Editor", "PAP.Editor.csproj", "{A5C44481-515D-52BE-E80C-D8B0D314F7A7}"
EndProject
Project("{FAE04EC0-301F-11D3-BF4B-00C04F79EFBC}") = "PAP.Editor.Plugins", "PAP.Editor.Plugins.csproj", "{AD63C5D2-99F1-1CD3-D66D-06559E2875D0}"
EndProject
Global
	GlobalSection(SolutionConfigurationPlatforms) = preSolution
		Debug|Any CPU = Debug|Any CPU
		Release|Any CPU = Release|Any CPU
	EndGlobalSection
	GlobalSection(ProjectConfigurationPlatforms) = postSolution
		{B5243C1B-1DD3-823B-8107-92733A12E84F}.Debug|Any CPU.ActiveCfg = Debug|Any CPU
		{B5243C1B-1DD3-823B-8107-92733A12E84F}.Debug|Any CPU.Build.0 = Debug|Any CPU
		{B5243C1B-1DD3-823B-8107-92733A12E84F}.Release|Any CPU.ActiveCfg = Release|Any CPU
		{B5243C1B-1DD3-823B-8107-92733A12E84F}.Release|Any CPU.Build.0 = Release|Any CPU
		{A5C44481-515D-52BE-E80C-D8B0D314F7A7}.Debug|Any CPU.ActiveCfg = Debug|Any CPU
		{A5C44481-515D-52BE-E80C-D8B0D314F7A7}.Debug|Any CPU.Build.0 = Debug|Any CPU
		{A5C44481-515D-52BE-E80C-D8B0D314F7A7}.Release|Any CPU.ActiveCfg = Release|Any CPU
		{A5C44481-515D-52BE-E80C-D8B0D314F7A7}.Release|Any CPU.Build.0 = Release|Any CPU
		{AD63C5D2-99F1-1CD3-D66D-06559E2875D0}.Debug|Any CPU.ActiveCfg = Debug|Any CPU
		{AD63C5D2-99F1-1CD3-D66D-06559E2875D0}.Debug|Any CPU.Build.0 = Debug|Any CPU
		{AD63C5D2-99F1-1CD3-D66D-06559E2875D0}.Release|Any CPU.ActiveCfg = Release|Any CPU
		{AD63C5D2-99F1-1CD3-D66D-06559E2875D0}.Release|Any CPU.Build.0 = Release|Any CPU
	EndGlobalSection
	GlobalSection(SolutionProperties) = preSolution
		HideSolutionNode = FALSE
	EndGlobalSection
EndGlobal
